{
  "nodes": {
    "base16-schemes": {
      "flake": false,
      "locked": {
        "lastModified": 1696158499,
        "narHash": "sha256-5yIHgDTPjoX/3oDEfLSQ0eJZdFL1SaCfb9d6M0RmOTM=",
        "owner": "tinted-theming",
        "repo": "base16-schemes",
        "rev": "a9112eaae86d9dd8ee6bb9445b664fba2f94037a",
        "type": "github"
      },
      "original": {
        "owner": "tinted-theming",
        "repo": "base16-schemes",
        "type": "github"
      }
    },
    "colors": {
      "inputs": {
        "nix-colors": "nix-colors"
      },
      "locked": {
        "lastModified": 1,
        "narHash": "sha256-C/+BalSkncGvczxJxOIRbR2iIjb7kTH45p3aGy8sdJg=",
        "path": "colors/",
        "type": "path"
      },
      "original": {
        "path": "colors/",
        "type": "path"
      }
    },
    "crane": {
      "inputs": {
        "nixpkgs": [
          "helix",
          "helixpkg",
          "nixpkgs"
        ]
      },
      "locked": {
        "lastModified": 1709610799,
        "narHash": "sha256-5jfLQx0U9hXbi2skYMGodDJkIgffrjIOgMRjZqms2QE=",
        "owner": "ipetkov",
        "repo": "crane",
        "rev": "81c393c776d5379c030607866afef6406ca1be57",
        "type": "github"
      },
      "original": {
        "owner": "ipetkov",
        "repo": "crane",
        "type": "github"
      }
    },
    "flake-utils": {
      "inputs": {
        "systems": "systems"
      },
      "locked": {
        "lastModified": 1709126324,
        "narHash": "sha256-q6EQdSeUZOG26WelxqkmR7kArjgWCdw5sfJVHPH/7j8=",
        "owner": "numtide",
        "repo": "flake-utils",
        "rev": "d465f4819400de7c8d874d50b982301f28a84605",
        "type": "github"
      },
      "original": {
        "owner": "numtide",
        "repo": "flake-utils",
        "type": "github"
      }
    },
    "helix": {
      "inputs": {
        "helix-base16-themes": "helix-base16-themes",
        "helixpkg": "helixpkg"
      },
      "locked": {
        "lastModified": 1,
        "narHash": "sha256-SBGIbWfCAAjB1Gw/PCfCDls1dGyDYBR3KNtImxEMJ64=",
        "path": "applications/helix",
        "type": "path"
      },
      "original": {
        "path": "applications/helix",
        "type": "path"
      }
    },
    "helix-base16-themes": {
      "flake": false,
      "locked": {
        "lastModified": 1713662431,
        "narHash": "sha256-0VQCU0gTnNjG+uQqctvTF/nUlAActrIUkzBYnSYC1Uc=",
        "owner": "tinted-theming",
        "repo": "base16-helix",
        "rev": "dd6156153e2a6825061d4777231d0fed6683a6d3",
        "type": "github"
      },
      "original": {
        "owner": "tinted-theming",
        "repo": "base16-helix",
        "type": "github"
      }
    },
    "helixpkg": {
      "inputs": {
        "crane": "crane",
        "flake-utils": "flake-utils",
        "nixpkgs": "nixpkgs",
        "rust-overlay": "rust-overlay"
      },
      "locked": {
        "lastModified": 1714450407,
        "narHash": "sha256-OYLQkzwEr2ON83j9ZcR2JY8aSY1XT9SlN0POCn4gxAM=",
        "owner": "helix-editor",
        "repo": "helix",
        "rev": "752ed8eb15b7366ef0c9e835b261189141e38630",
        "type": "github"
      },
      "original": {
        "owner": "helix-editor",
        "repo": "helix",
        "type": "github"
      }
    },
    "home-manager": {
      "inputs": {
        "nixpkgs": "nixpkgs_2"
      },
      "locked": {
        "lastModified": 1742588233,
        "narHash": "sha256-Fi5g8H5FXMSRqy+mU6gPG0v+C9pzjYbkkiePtz8+PpA=",
        "owner": "nix-community",
        "repo": "home-manager",
        "rev": "296ddc64627f4a6a4eb447852d7346b9dd16197d",
        "type": "github"
      },
      "original": {
        "owner": "nix-community",
        "repo": "home-manager",
        "type": "github"
      }
    },
    "nix-colors": {
      "inputs": {
        "base16-schemes": "base16-schemes",
        "nixpkgs-lib": "nixpkgs-lib"
      },
      "locked": {
        "lastModified": 1707825078,
        "narHash": "sha256-hTfge2J2W+42SZ7VHXkf4kjU+qzFqPeC9k66jAUBMHk=",
        "owner": "misterio77",
        "repo": "nix-colors",
        "rev": "b01f024090d2c4fc3152cd0cf12027a7b8453ba1",
        "type": "github"
      },
      "original": {
        "owner": "misterio77",
        "repo": "nix-colors",
        "type": "github"
      }
    },
    "nixpkgs": {
      "locked": {
        "lastModified": 1742422364,
        "narHash": "sha256-mNqIplmEohk5jRkqYqG19GA8MbQ/D4gQSK0Mu4LvfRQ=",
        "owner": "nixos",
        "repo": "nixpkgs",
        "rev": "a84ebe20c6bc2ecbcfb000a50776219f48d134cc",
        "type": "github"
      },
      "original": {
        "owner": "nixos",
        "ref": "nixos-unstable",
        "repo": "nixpkgs",
        "type": "github"
      }
    },
    "nixpkgs-lib": {
      "locked": {
        "lastModified": 1697935651,
        "narHash": "sha256-qOfWjQ2JQSQL15KLh6D7xQhx0qgZlYZTYlcEiRuAMMw=",
        "owner": "nix-community",
        "repo": "nixpkgs.lib",
        "rev": "e1e11fdbb01113d85c7f41cada9d2847660e3902",
        "type": "github"
      },
      "original": {
        "owner": "nix-community",
        "repo": "nixpkgs.lib",
        "type": "github"
      }
    },
    "nixpkgs_2": {
      "locked": {
        "lastModified": 1742422364,
        "narHash": "sha256-mNqIplmEohk5jRkqYqG19GA8MbQ/D4gQSK0Mu4LvfRQ=",
        "owner": "nixos",
        "repo": "nixpkgs",
        "rev": "a84ebe20c6bc2ecbcfb000a50776219f48d134cc",
        "type": "github"
      },
      "original": {
        "owner": "nixos",
        "ref": "nixos-unstable",
        "repo": "nixpkgs",
        "type": "github"
      }
    },
    "nixpkgs_3": {
      "locked": {
        "lastModified": 1742422364,
        "narHash": "sha256-mNqIplmEohk5jRkqYqG19GA8MbQ/D4gQSK0Mu4LvfRQ=",
        "owner": "nixos",
        "repo": "nixpkgs",
        "rev": "a84ebe20c6bc2ecbcfb000a50776219f48d134cc",
        "type": "github"
      },
      "original": {
        "owner": "nixos",
        "ref": "nixos-unstable",
        "repo": "nixpkgs",
        "type": "github"
      }
    },
    "p-anysize": {
      "flake": false,
      "locked": {
        "narHash": "sha256-fGK8Vk8WQ/wjmeIz81ZZpVRJegFH3vVk5HKtiMETsm0=",
        "type": "file",
        "url": "https://st.suckless.org/patches/anysize/st-expected-anysize-0.9.diff"
      },
      "original": {
        "type": "file",
        "url": "https://st.suckless.org/patches/anysize/st-expected-anysize-0.9.diff"
      }
    },
    "p-appsync": {
      "flake": false,
      "locked": {
        "narHash": "sha256-8kWBYzw7qvrGIC6XYUvu/drZxL6PnDFbDfv89kJhVLI=",
        "type": "file",
        "url": "https://st.suckless.org/patches/sync/st-appsync-20200618-b27a383.diff"
      },
      "original": {
        "type": "file",
        "url": "https://st.suckless.org/patches/sync/st-appsync-20200618-b27a383.diff"
      }
    },
    "p-font2": {
      "flake": false,
      "locked": {
        "narHash": "sha256-3bYkYm8e3ukVgvjeiCkYpcgGqUWVhwmCqWy56fgC0Yc=",
        "type": "file",
        "url": "https://st.suckless.org/patches/font2/st-font2-0.8.5.diff"
      },
      "original": {
        "type": "file",
        "url": "https://st.suckless.org/patches/font2/st-font2-0.8.5.diff"
      }
    },
    "p-fullscreen": {
      "flake": false,
      "locked": {
        "narHash": "sha256-wjSGoFuk71q+vWKVpWxMVtJjjim0E5E2VU3igHDrbsw=",
        "type": "file",
        "url": "https://st.suckless.org/patches/fullscreen/st-fullscreen-0.8.5.diff"
      },
      "original": {
        "type": "file",
        "url": "https://st.suckless.org/patches/fullscreen/st-fullscreen-0.8.5.diff"
      }
    },
    "p-ligature": {
      "flake": false,
      "locked": {
        "narHash": "sha256-MYQrA67JUzWagRa5+WH4NjAeL+kETxtzrwgyveBvBaI=",
        "type": "file",
        "url": "https://st.suckless.org/patches/ligatures/0.9/st-ligatures-20240105-0.9.diff"
      },
      "original": {
        "type": "file",
        "url": "https://st.suckless.org/patches/ligatures/0.9/st-ligatures-20240105-0.9.diff"
      }
    },
    "root": {
      "inputs": {
        "colors": "colors",
        "helix": "helix",
        "home-manager": "home-manager",
        "nixpkgs": "nixpkgs_3",
        "st": "st",
        "zsh": "zsh"
      }
    },
    "rust-overlay": {
      "inputs": {
        "flake-utils": [
          "helix",
          "helixpkg",
          "flake-utils"
        ],
        "nixpkgs": [
          "helix",
          "helixpkg",
          "nixpkgs"
        ]
      },
      "locked": {
        "lastModified": 1709604635,
        "narHash": "sha256-le4fwmWmjGRYWwkho0Gr7mnnZndOOe4XGbLw68OvF40=",
        "owner": "oxalica",
        "repo": "rust-overlay",
        "rev": "e86c0fb5d3a22a5f30d7f64ecad88643fe26449d",
        "type": "github"
      },
      "original": {
        "owner": "oxalica",
        "repo": "rust-overlay",
        "type": "github"
      }
    },
    "st": {
      "inputs": {
        "p-anysize": "p-anysize",
        "p-appsync": "p-appsync",
        "p-font2": "p-font2",
        "p-fullscreen": "p-fullscreen",
        "p-ligature": "p-ligature"
      },
      "locked": {
        "lastModified": 1,
        "narHash": "sha256-o+V1bH9ICNJXVjhPY5GPirNylD34fTubOtSXQrf1QKw=",
        "path": "applications/st",
        "type": "path"
      },
      "original": {
        "path": "applications/st",
        "type": "path"
      }
    },
    "systems": {
      "locked": {
        "lastModified": 1681028828,
        "narHash": "sha256-Vy1rq5AaRuLzOxct8nz4T6wlgyUR7zLU309k9mBC768=",
        "owner": "nix-systems",
        "repo": "default",
        "rev": "da67096a3b9bf56a91d16901293e51ba5b49a27e",
        "type": "github"
      },
      "original": {
        "owner": "nix-systems",
        "repo": "default",
        "type": "github"
      }
    },
    "zplug-fast-syntax-highlighting": {
      "flake": false,
      "locked": {
        "lastModified": 1688591419,
        "narHash": "sha256-RVX9ZSzjBW3LpFs2W86lKI6vtcvDWP6EPxzeTcRZua4=",
        "owner": "zdharma-continuum",
        "repo": "fast-syntax-highlighting",
        "rev": "cf318e06a9b7c9f2219d78f41b46fa6e06011fd9",
        "type": "github"
      },
      "original": {
        "owner": "zdharma-continuum",
        "repo": "fast-syntax-highlighting",
        "type": "github"
      }
    },
    "zplug-fzf-source": {
      "flake": false,
      "locked": {
        "lastModified": 1714116151,
        "narHash": "sha256-g/3/igZSlA0AOFPa9Zs6YOGZ/tHlOi/ZUJWW65VAgq8=",
        "owner": "Freed-Wu",
        "repo": "fzf-tab-source",
        "rev": "3b17d4167c59d2fb8e4dd38cafbae373a0d576b9",
        "type": "github"
      },
      "original": {
        "owner": "Freed-Wu",
        "repo": "fzf-tab-source",
        "type": "github"
      }
    },
    "zplug-fzf-tab": {
      "flake": false,
      "locked": {
        "lastModified": 1714099824,
        "narHash": "sha256-Qv8zAiMtrr67CbLRrFjGaPzFZcOiMVEFLg1Z+N6VMhg=",
        "owner": "Aloxaf",
        "repo": "fzf-tab",
        "rev": "c7fb028ec0bbc1056c51508602dbd61b0f475ac3",
        "type": "github"
      },
      "original": {
        "owner": "Aloxaf",
        "repo": "fzf-tab",
        "type": "github"
      }
    },
    "zplug-nix-shell": {
      "flake": false,
      "locked": {
        "lastModified": 1704028593,
        "narHash": "sha256-Rtg8kWVLhXRuD2/Ctbtgz9MQCtKZOLpAIdommZhXKdE=",
        "owner": "chisui",
        "repo": "zsh-nix-shell",
        "rev": "82ca15e638cc208e6d8368e34a1625ed75e08f90",
        "type": "github"
      },
      "original": {
        "owner": "chisui",
        "repo": "zsh-nix-shell",
        "type": "github"
      }
    },
    "zplug-nix-zsh-completions": {
      "flake": false,
      "locked": {
        "lastModified": 1710446778,
        "narHash": "sha256-bgbMc4HqigqgdkvUe/CWbUclwxpl17ESLzCIP8Sz+F8=",
        "owner": "spwhitt",
        "repo": "nix-zsh-completions",
        "rev": "6e782b97091b07eb849b58953eb200ccc56ef833",
        "type": "github"
      },
      "original": {
        "owner": "spwhitt",
        "repo": "nix-zsh-completions",
        "type": "github"
      }
    },
    "zplug-spaceship-prompt": {
      "flake": false,
      "locked": {
        "lastModified": 1714480311,
        "narHash": "sha256-xUrn9dZIJUCGPE/nQXdA2LwHC6xA6ro6nofdMAewzOY=",
        "owner": "spaceship-prompt",
        "repo": "spaceship-prompt",
        "rev": "2d703e180bafcfc9e99aaeaa376b7af03d573b8b",
        "type": "github"
      },
      "original": {
        "owner": "spaceship-prompt",
        "repo": "spaceship-prompt",
        "type": "github"
      }
    },
    "zplug-you-should-use": {
      "flake": false,
      "locked": {
        "lastModified": 1681926346,
        "narHash": "sha256-lKs6DhG3x/oRA5AxnRT+odCZFenpS86wPnPqxLonV2E=",
        "owner": "MichaelAquilina",
        "repo": "zsh-you-should-use",
        "rev": "1f9cb008076d4f2011d5f814dfbcfbece94a99e0",
        "type": "github"
      },
      "original": {
        "owner": "MichaelAquilina",
        "repo": "zsh-you-should-use",
        "type": "github"
      }
    },
    "zsh": {
      "inputs": {
        "zplug-fast-syntax-highlighting": "zplug-fast-syntax-highlighting",
        "zplug-fzf-source": "zplug-fzf-source",
        "zplug-fzf-tab": "zplug-fzf-tab",
        "zplug-nix-shell": "zplug-nix-shell",
        "zplug-nix-zsh-completions": "zplug-nix-zsh-completions",
        "zplug-spaceship-prompt": "zplug-spaceship-prompt",
        "zplug-you-should-use": "zplug-you-should-use"
      },
      "locked": {
        "lastModified": 1,
        "narHash": "sha256-NYa4x5RbxHFJbDIjoreE3IxQ3r9mYeH2+rjUGDfEFzk=",
        "path": "applications/zsh",
        "type": "path"
      },
      "original": {
        "path": "applications/zsh",
        "type": "path"
      }
    }
  },
  "root": "root",
  "version": 7
}
