{
  "nodes": {
    "base16-schemes": {
      "flake": false,
      "locked": {
        "lastModified": 1696158499,
        "narHash": "sha256-5yIHgDTPjoX/3oDEfLSQ0eJZdFL1SaCfb9d6M0RmOTM=",
        "owner": "tinted-theming",
        "repo": "base16-schemes",
        "rev": "a9112eaae86d9dd8ee6bb9445b664fba2f94037a",
        "type": "github"
      },
      "original": {
        "owner": "tinted-theming",
        "repo": "base16-schemes",
        "type": "github"
      }
    },
    "helix-base16-themes": {
      "flake": false,
      "locked": {
        "lastModified": 1705800291,
        "narHash": "sha256-tH39zCuAGd9/kJCcUIKjI60e3oN9LkirP0T3Dre7mis=",
        "owner": "tinted-theming",
        "repo": "base16-helix",
        "rev": "8f3513a1ad8e7517cf2a5d08d56829ba025bda10",
        "type": "github"
      },
      "original": {
        "owner": "tinted-theming",
        "repo": "base16-helix",
        "type": "github"
      }
    },
    "home-manager": {
      "inputs": {
        "nixpkgs": [
          "nixpkgs"
        ]
      },
      "locked": {
        "lastModified": 1706985585,
        "narHash": "sha256-ptshv4qXiC6V0GCfpABz88UGGPNwqs5tAxaRUKbk1Qo=",
        "owner": "nix-community",
        "repo": "home-manager",
        "rev": "1ca210648a6ca9b957efde5da957f3de6b1f0c45",
        "type": "github"
      },
      "original": {
        "owner": "nix-community",
        "repo": "home-manager",
        "type": "github"
      }
    },
    "my-zsh": {
      "inputs": {
        "home-manager": [
          "home-manager"
        ],
        "nixpkgs": [
          "nixpkgs"
        ],
        "starship-config": "starship-config",
        "zplug-fzf-tab": "zplug-fzf-tab",
        "zplug-nix-shell": "zplug-nix-shell",
        "zplug-nix-zsh-completions": "zplug-nix-zsh-completions",
        "zplug-spaceship-prompt": "zplug-spaceship-prompt",
        "zplug-zsh-syntax-highlighting": "zplug-zsh-syntax-highlighting"
      },
      "locked": {
        "lastModified": 1,
        "narHash": "sha256-UC7vWCvFezqwbNcr9/jB3Wz2ulf1tHoNWZaiso9sdn8=",
        "path": "./zsh",
        "type": "path"
      },
      "original": {
        "path": "./zsh",
        "type": "path"
      }
    },
    "nix-colors": {
      "inputs": {
        "base16-schemes": "base16-schemes",
        "nixpkgs-lib": "nixpkgs-lib"
      },
      "locked": {
        "lastModified": 1706637303,
        "narHash": "sha256-K6SqE9diWDCoEQ+MzuVlTfNrAKcdIa/dLHBtKfz445U=",
        "owner": "misterio77",
        "repo": "nix-colors",
        "rev": "fc080c51d2a219b40d886870e364243783ed5ca1",
        "type": "github"
      },
      "original": {
        "owner": "misterio77",
        "repo": "nix-colors",
        "type": "github"
      }
    },
    "nixpkgs": {
      "locked": {
        "lastModified": 1706732774,
        "narHash": "sha256-hqJlyJk4MRpcItGYMF+3uHe8HvxNETWvlGtLuVpqLU0=",
        "owner": "nixos",
        "repo": "nixpkgs",
        "rev": "b8b232ae7b8b144397fdb12d20f592e5e7c1a64d",
        "type": "github"
      },
      "original": {
        "owner": "nixos",
        "ref": "nixos-unstable",
        "repo": "nixpkgs",
        "type": "github"
      }
    },
    "nixpkgs-lib": {
      "locked": {
        "lastModified": 1697935651,
        "narHash": "sha256-qOfWjQ2JQSQL15KLh6D7xQhx0qgZlYZTYlcEiRuAMMw=",
        "owner": "nix-community",
        "repo": "nixpkgs.lib",
        "rev": "e1e11fdbb01113d85c7f41cada9d2847660e3902",
        "type": "github"
      },
      "original": {
        "owner": "nix-community",
        "repo": "nixpkgs.lib",
        "type": "github"
      }
    },
    "root": {
      "inputs": {
        "helix-base16-themes": "helix-base16-themes",
        "home-manager": "home-manager",
        "my-zsh": "my-zsh",
        "nix-colors": "nix-colors",
        "nixpkgs": "nixpkgs"
      }
    },
    "starship-config": {
      "flake": false,
      "locked": {
        "lastModified": 1,
        "narHash": "sha256-P4cFBG/+hKU5P55nMKwnevzFen2AYpDWpl3QHnFaOGo=",
        "path": "./starship.toml",
        "type": "path"
      },
      "original": {
        "path": "./starship.toml",
        "type": "path"
      }
    },
    "zplug-fzf-tab": {
      "flake": false,
      "locked": {
        "lastModified": 1706757142,
        "narHash": "sha256-ilUavAIWmLiMh2PumtErMCpOcR71ZMlQkKhVOTDdHZw=",
        "owner": "Aloxaf",
        "repo": "fzf-tab",
        "rev": "b06e7574577cd729c629419a62029d31d0565a7a",
        "type": "github"
      },
      "original": {
        "owner": "Aloxaf",
        "repo": "fzf-tab",
        "type": "github"
      }
    },
    "zplug-nix-shell": {
      "flake": false,
      "locked": {
        "lastModified": 1704028593,
        "narHash": "sha256-Rtg8kWVLhXRuD2/Ctbtgz9MQCtKZOLpAIdommZhXKdE=",
        "owner": "chisui",
        "repo": "zsh-nix-shell",
        "rev": "82ca15e638cc208e6d8368e34a1625ed75e08f90",
        "type": "github"
      },
      "original": {
        "owner": "chisui",
        "repo": "zsh-nix-shell",
        "type": "github"
      }
    },
    "zplug-nix-zsh-completions": {
      "flake": false,
      "locked": {
        "lastModified": 1696846724,
        "narHash": "sha256-JStpIKU+jU6TkXToTONfdEhLjaASGzC+tRmSJRiqKWU=",
        "owner": "spwhitt",
        "repo": "nix-zsh-completions",
        "rev": "a7c8781b5a18026fbc3edb36397931526f243590",
        "type": "github"
      },
      "original": {
        "owner": "spwhitt",
        "repo": "nix-zsh-completions",
        "type": "github"
      }
    },
    "zplug-spaceship-prompt": {
      "flake": false,
      "locked": {
        "lastModified": 1696936081,
        "narHash": "sha256-473Srq7aDe4R9UIVdQiG0P4vXNRPtg0r8Vgc+HIxZMQ=",
        "owner": "spaceship-prompt",
        "repo": "spaceship-prompt",
        "rev": "be826cbe2bb11a0675dd71f548ff1396608da7ea",
        "type": "github"
      },
      "original": {
        "owner": "spaceship-prompt",
        "repo": "spaceship-prompt",
        "type": "github"
      }
    },
    "zplug-zsh-syntax-highlighting": {
      "flake": false,
      "locked": {
        "lastModified": 1704566212,
        "narHash": "sha256-4rW2N+ankAH4sA6Sa5mr9IKsdAg7WTgrmyqJ2V1vygQ=",
        "owner": "zsh-users",
        "repo": "zsh-syntax-highlighting",
        "rev": "e0165eaa730dd0fa321a6a6de74f092fe87630b0",
        "type": "github"
      },
      "original": {
        "owner": "zsh-users",
        "repo": "zsh-syntax-highlighting",
        "type": "github"
      }
    }
  },
  "root": "root",
  "version": 7
}
