{
  "nodes": {
    "home-manager": {
      "inputs": {
        "nixpkgs": "nixpkgs"
      },
      "locked": {
        "lastModified": 1714430505,
        "narHash": "sha256-SSJQ/KOy8uISnoZgqDoRha7g7PFLSFP/BtMWm0wUz8Q=",
        "owner": "nix-community",
        "repo": "home-manager",
        "rev": "f8e6694edabe4aaa7a85aac47b43ea5d978b116d",
        "type": "github"
      },
      "original": {
        "id": "home-manager",
        "type": "indirect"
      }
    },
    "nixpkgs": {
      "locked": {
        "lastModified": 1714076141,
        "narHash": "sha256-Drmja/f5MRHZCskS6mvzFqxEaZMeciScCTFxWVLqWEY=",
        "owner": "NixOS",
        "repo": "nixpkgs",
        "rev": "7bb2ccd8cdc44c91edba16c48d2c8f331fb3d856",
        "type": "github"
      },
      "original": {
        "owner": "NixOS",
        "ref": "nixos-unstable",
        "repo": "nixpkgs",
        "type": "github"
      }
    },
    "nixpkgs_2": {
      "locked": {
        "lastModified": 0,
        "narHash": "sha256-Drmja/f5MRHZCskS6mvzFqxEaZMeciScCTFxWVLqWEY=",
        "path": "/nix/store/370qy3d3wg9zhbn5a3dcv6k1q1iigfh4-source",
        "type": "path"
      },
      "original": {
        "id": "nixpkgs",
        "type": "indirect"
      }
    },
    "root": {
      "inputs": {
        "home-manager": "home-manager",
        "nixpkgs": "nixpkgs_2",
        "zplug-fast-syntax-highlighting": "zplug-fast-syntax-highlighting",
        "zplug-fzf-source": "zplug-fzf-source",
        "zplug-fzf-tab": "zplug-fzf-tab",
        "zplug-nix-shell": "zplug-nix-shell",
        "zplug-nix-zsh-completions": "zplug-nix-zsh-completions",
        "zplug-spaceship-prompt": "zplug-spaceship-prompt",
        "zplug-you-should-use": "zplug-you-should-use"
      }
    },
    "zplug-fast-syntax-highlighting": {
      "flake": false,
      "locked": {
        "lastModified": 1688591419,
        "narHash": "sha256-RVX9ZSzjBW3LpFs2W86lKI6vtcvDWP6EPxzeTcRZua4=",
        "owner": "zdharma-continuum",
        "repo": "fast-syntax-highlighting",
        "rev": "cf318e06a9b7c9f2219d78f41b46fa6e06011fd9",
        "type": "github"
      },
      "original": {
        "owner": "zdharma-continuum",
        "repo": "fast-syntax-highlighting",
        "type": "github"
      }
    },
    "zplug-fzf-source": {
      "flake": false,
      "locked": {
        "lastModified": 1714116151,
        "narHash": "sha256-g/3/igZSlA0AOFPa9Zs6YOGZ/tHlOi/ZUJWW65VAgq8=",
        "owner": "Freed-Wu",
        "repo": "fzf-tab-source",
        "rev": "3b17d4167c59d2fb8e4dd38cafbae373a0d576b9",
        "type": "github"
      },
      "original": {
        "owner": "Freed-Wu",
        "repo": "fzf-tab-source",
        "type": "github"
      }
    },
    "zplug-fzf-tab": {
      "flake": false,
      "locked": {
        "lastModified": 1714099824,
        "narHash": "sha256-Qv8zAiMtrr67CbLRrFjGaPzFZcOiMVEFLg1Z+N6VMhg=",
        "owner": "Aloxaf",
        "repo": "fzf-tab",
        "rev": "c7fb028ec0bbc1056c51508602dbd61b0f475ac3",
        "type": "github"
      },
      "original": {
        "owner": "Aloxaf",
        "repo": "fzf-tab",
        "type": "github"
      }
    },
    "zplug-nix-shell": {
      "flake": false,
      "locked": {
        "lastModified": 1704028593,
        "narHash": "sha256-Rtg8kWVLhXRuD2/Ctbtgz9MQCtKZOLpAIdommZhXKdE=",
        "owner": "chisui",
        "repo": "zsh-nix-shell",
        "rev": "82ca15e638cc208e6d8368e34a1625ed75e08f90",
        "type": "github"
      },
      "original": {
        "owner": "chisui",
        "repo": "zsh-nix-shell",
        "type": "github"
      }
    },
    "zplug-nix-zsh-completions": {
      "flake": false,
      "locked": {
        "lastModified": 1710446778,
        "narHash": "sha256-bgbMc4HqigqgdkvUe/CWbUclwxpl17ESLzCIP8Sz+F8=",
        "owner": "spwhitt",
        "repo": "nix-zsh-completions",
        "rev": "6e782b97091b07eb849b58953eb200ccc56ef833",
        "type": "github"
      },
      "original": {
        "owner": "spwhitt",
        "repo": "nix-zsh-completions",
        "type": "github"
      }
    },
    "zplug-spaceship-prompt": {
      "flake": false,
      "locked": {
        "lastModified": 1714480311,
        "narHash": "sha256-xUrn9dZIJUCGPE/nQXdA2LwHC6xA6ro6nofdMAewzOY=",
        "owner": "spaceship-prompt",
        "repo": "spaceship-prompt",
        "rev": "2d703e180bafcfc9e99aaeaa376b7af03d573b8b",
        "type": "github"
      },
      "original": {
        "owner": "spaceship-prompt",
        "repo": "spaceship-prompt",
        "type": "github"
      }
    },
    "zplug-you-should-use": {
      "flake": false,
      "locked": {
        "lastModified": 1681926346,
        "narHash": "sha256-lKs6DhG3x/oRA5AxnRT+odCZFenpS86wPnPqxLonV2E=",
        "owner": "MichaelAquilina",
        "repo": "zsh-you-should-use",
        "rev": "1f9cb008076d4f2011d5f814dfbcfbece94a99e0",
        "type": "github"
      },
      "original": {
        "owner": "MichaelAquilina",
        "repo": "zsh-you-should-use",
        "type": "github"
      }
    }
  },
  "root": "root",
  "version": 7
}
