{
  "nodes": {
    "home-manager": {
      "inputs": {
        "nixpkgs": "nixpkgs"
      },
      "locked": {
        "lastModified": 1705879479,
        "narHash": "sha256-ZIohbyly1KOe+8I3gdyNKgVN/oifKdmeI0DzMfytbtg=",
        "owner": "nix-community",
        "repo": "home-manager",
        "rev": "2d47379ad591bcb14ca95a90b6964b8305f6c913",
        "type": "github"
      },
      "original": {
        "id": "home-manager",
        "type": "indirect"
      }
    },
    "nixpkgs": {
      "locked": {
        "lastModified": 1705677747,
        "narHash": "sha256-eyM3okYtMgYDgmYukoUzrmuoY4xl4FUujnsv/P6I/zI=",
        "owner": "NixOS",
        "repo": "nixpkgs",
        "rev": "bbe7d8f876fbbe7c959c90ba2ae2852220573261",
        "type": "github"
      },
      "original": {
        "owner": "NixOS",
        "ref": "nixos-unstable",
        "repo": "nixpkgs",
        "type": "github"
      }
    },
    "nixpkgs_2": {
      "locked": {
        "lastModified": 1705883077,
        "narHash": "sha256-ByzHHX3KxpU1+V0erFy8jpujTufimh6KaS/Iv3AciHk=",
        "owner": "NixOS",
        "repo": "nixpkgs",
        "rev": "5f5210aa20e343b7e35f40c033000db0ef80d7b9",
        "type": "github"
      },
      "original": {
        "id": "nixpkgs",
        "type": "indirect"
      }
    },
    "root": {
      "inputs": {
        "home-manager": "home-manager",
        "nixpkgs": "nixpkgs_2",
        "starship-config": "starship-config",
        "zplug-fzf-tab": "zplug-fzf-tab",
        "zplug-nix-shell": "zplug-nix-shell",
        "zplug-nix-zsh-completions": "zplug-nix-zsh-completions",
        "zplug-spaceship-prompt": "zplug-spaceship-prompt",
        "zplug-zsh-syntax-highlighting": "zplug-zsh-syntax-highlighting"
      }
    },
    "starship-config": {
      "flake": false,
      "locked": {
        "lastModified": 1,
        "narHash": "sha256-SB1rrhGtljoAROl7SMVgtM+eQrbqtu+Hi6c/XIEqCyI=",
        "path": "./starship.toml",
        "type": "path"
      },
      "original": {
        "path": "./starship.toml",
        "type": "path"
      }
    },
    "zplug-fzf-tab": {
      "flake": false,
      "locked": {
        "lastModified": 1686496455,
        "narHash": "sha256-gvZp8P3quOtcy1Xtt1LAW1cfZ/zCtnAmnWqcwrKel6w=",
        "owner": "Aloxaf",
        "repo": "fzf-tab",
        "rev": "c2b4aa5ad2532cca91f23908ac7f00efb7ff09c9",
        "type": "github"
      },
      "original": {
        "owner": "Aloxaf",
        "repo": "fzf-tab",
        "type": "github"
      }
    },
    "zplug-nix-shell": {
      "flake": false,
      "locked": {
        "lastModified": 1704028593,
        "narHash": "sha256-Rtg8kWVLhXRuD2/Ctbtgz9MQCtKZOLpAIdommZhXKdE=",
        "owner": "chisui",
        "repo": "zsh-nix-shell",
        "rev": "82ca15e638cc208e6d8368e34a1625ed75e08f90",
        "type": "github"
      },
      "original": {
        "owner": "chisui",
        "repo": "zsh-nix-shell",
        "type": "github"
      }
    },
    "zplug-nix-zsh-completions": {
      "flake": false,
      "locked": {
        "lastModified": 1696846724,
        "narHash": "sha256-JStpIKU+jU6TkXToTONfdEhLjaASGzC+tRmSJRiqKWU=",
        "owner": "spwhitt",
        "repo": "nix-zsh-completions",
        "rev": "a7c8781b5a18026fbc3edb36397931526f243590",
        "type": "github"
      },
      "original": {
        "owner": "spwhitt",
        "repo": "nix-zsh-completions",
        "type": "github"
      }
    },
    "zplug-spaceship-prompt": {
      "flake": false,
      "locked": {
        "lastModified": 1696936081,
        "narHash": "sha256-473Srq7aDe4R9UIVdQiG0P4vXNRPtg0r8Vgc+HIxZMQ=",
        "owner": "spaceship-prompt",
        "repo": "spaceship-prompt",
        "rev": "be826cbe2bb11a0675dd71f548ff1396608da7ea",
        "type": "github"
      },
      "original": {
        "owner": "spaceship-prompt",
        "repo": "spaceship-prompt",
        "type": "github"
      }
    },
    "zplug-zsh-syntax-highlighting": {
      "flake": false,
      "locked": {
        "lastModified": 1704566212,
        "narHash": "sha256-4rW2N+ankAH4sA6Sa5mr9IKsdAg7WTgrmyqJ2V1vygQ=",
        "owner": "zsh-users",
        "repo": "zsh-syntax-highlighting",
        "rev": "e0165eaa730dd0fa321a6a6de74f092fe87630b0",
        "type": "github"
      },
      "original": {
        "owner": "zsh-users",
        "repo": "zsh-syntax-highlighting",
        "type": "github"
      }
    }
  },
  "root": "root",
  "version": 7
}
